
Microsoft Visual Studio Solution File, Format Version 12.00
# Visual Studio Version 16
VisualStudioVersion = 16.0.30517.126
MinimumVisualStudioVersion = 10.0.40219.1
Project("{FAE04EC0-301F-11D3-BF4B-00C04F79EFBC}") = "01. Load Report from Server Side", "01. Load Report from Server Side\01. Load Report from Server Side.csproj", "{09367FAD-894C-4746-973C-CB15D3FB0C68}"
EndProject
Project("{FAE04EC0-301F-11D3-BF4B-00C04F79EFBC}") = "02. Connect to databases", "02. Connect to databases\02. Connect to databases.csproj", "{F878B97C-B576-4BE5-B0AD-B984B0EB976F}"
EndProject
Project("{FAE04EC0-301F-11D3-BF4B-00C04F79EFBC}") = "03. Send Report by Email", "03. Send Report by Email\03. Send Report by Email.csproj", "{76F36A39-4EEB-42ED-9B3E-16D5035C0D6F}"
EndProject
Global
	GlobalSection(SolutionConfigurationPlatforms) = preSolution
		Debug|Any CPU = Debug|Any CPU
		Release|Any CPU = Release|Any CPU
	EndGlobalSection
	GlobalSection(ProjectConfigurationPlatforms) = postSolution
		{09367FAD-894C-4746-973C-CB15D3FB0C68}.Debug|Any CPU.ActiveCfg = Debug|Any CPU
		{09367FAD-894C-4746-973C-CB15D3FB0C68}.Debug|Any CPU.Build.0 = Debug|Any CPU
		{09367FAD-894C-4746-973C-CB15D3FB0C68}.Release|Any CPU.ActiveCfg = Release|Any CPU
		{09367FAD-894C-4746-973C-CB15D3FB0C68}.Release|Any CPU.Build.0 = Release|Any CPU
		{F878B97C-B576-4BE5-B0AD-B984B0EB976F}.Debug|Any CPU.ActiveCfg = Debug|Any CPU
		{F878B97C-B576-4BE5-B0AD-B984B0EB976F}.Debug|Any CPU.Build.0 = Debug|Any CPU
		{F878B97C-B576-4BE5-B0AD-B984B0EB976F}.Release|Any CPU.ActiveCfg = Release|Any CPU
		{F878B97C-B576-4BE5-B0AD-B984B0EB976F}.Release|Any CPU.Build.0 = Release|Any CPU
		{76F36A39-4EEB-42ED-9B3E-16D5035C0D6F}.Debug|Any CPU.ActiveCfg = Debug|Any CPU
		{76F36A39-4EEB-42ED-9B3E-16D5035C0D6F}.Debug|Any CPU.Build.0 = Debug|Any CPU
		{76F36A39-4EEB-42ED-9B3E-16D5035C0D6F}.Release|Any CPU.ActiveCfg = Release|Any CPU
		{76F36A39-4EEB-42ED-9B3E-16D5035C0D6F}.Release|Any CPU.Build.0 = Release|Any CPU
	EndGlobalSection
	GlobalSection(SolutionProperties) = preSolution
		HideSolutionNode = FALSE
	EndGlobalSection
	GlobalSection(ExtensibilityGlobals) = postSolution
		SolutionGuid = {08498E07-DEF0-44DA-986A-3DA5EFD451C2}
	EndGlobalSection
EndGlobal
